
Microsoft Visual Studio Solution File, Format Version 12.00
# Visual Studio 15
VisualStudioVersion = 15.0.27004.2010
MinimumVisualStudioVersion = 10.0.40219.1
Project("{FAE04EC0-301F-11D3-BF4B-00C04F79EFBC}") = "SeniorSem", "SeniorSem\SeniorSem.csproj", "{14C1CC12-E049-4A10-A961-6CE1BDF5E0F2}"
EndProject
Project("{FAE04EC0-301F-11D3-BF4B-00C04F79EFBC}") = "SeniorSem.Tests", "SeniorSem.Tests\SeniorSem.Tests.csproj", "{AA496CDC-2991-4AA1-801F-250F3DB3AA2F}"
EndProject
Global
	GlobalSection(SolutionConfigurationPlatforms) = preSolution
		Debug|Any CPU = Debug|Any CPU
		Release|Any CPU = Release|Any CPU
	EndGlobalSection
	GlobalSection(ProjectConfigurationPlatforms) = postSolution
		{14C1CC12-E049-4A10-A961-6CE1BDF5E0F2}.Debug|Any CPU.ActiveCfg = Debug|Any CPU
		{14C1CC12-E049-4A10-A961-6CE1BDF5E0F2}.Debug|Any CPU.Build.0 = Debug|Any CPU
		{14C1CC12-E049-4A10-A961-6CE1BDF5E0F2}.Release|Any CPU.ActiveCfg = Release|Any CPU
		{14C1CC12-E049-4A10-A961-6CE1BDF5E0F2}.Release|Any CPU.Build.0 = Release|Any CPU
		{AA496CDC-2991-4AA1-801F-250F3DB3AA2F}.Debug|Any CPU.ActiveCfg = Debug|Any CPU
		{AA496CDC-2991-4AA1-801F-250F3DB3AA2F}.Debug|Any CPU.Build.0 = Debug|Any CPU
		{AA496CDC-2991-4AA1-801F-250F3DB3AA2F}.Release|Any CPU.ActiveCfg = Release|Any CPU
		{AA496CDC-2991-4AA1-801F-250F3DB3AA2F}.Release|Any CPU.Build.0 = Release|Any CPU
	EndGlobalSection
	GlobalSection(SolutionProperties) = preSolution
		HideSolutionNode = FALSE
	EndGlobalSection
	GlobalSection(ExtensibilityGlobals) = postSolution
		SolutionGuid = {B2A18FF6-3B36-4202-9E59-1B0C377298C2}
	EndGlobalSection
EndGlobal
